
Microsoft Visual Studio Solution File, Format Version 12.00
# Visual Studio Version 17
VisualStudioVersion = 17.6.33815.320
MinimumVisualStudioVersion = 10.0.40219.1
Project("{FAE04EC0-301F-11D3-BF4B-00C04F79EFBC}") = "SkiBookingAPI", "SkiBookingAPI\SkiBookingAPI.csproj", "{E0405B85-F6B1-41AE-83B1-75BE87CCD8BE}"
EndProject
Global
	GlobalSection(SolutionConfigurationPlatforms) = preSolution
		Debug|Any CPU = Debug|Any CPU
		Release|Any CPU = Release|Any CPU
	EndGlobalSection
	GlobalSection(ProjectConfigurationPlatforms) = postSolution
		{E0405B85-F6B1-41AE-83B1-75BE87CCD8BE}.Debug|Any CPU.ActiveCfg = Debug|Any CPU
		{E0405B85-F6B1-41AE-83B1-75BE87CCD8BE}.Debug|Any CPU.Build.0 = Debug|Any CPU
		{E0405B85-F6B1-41AE-83B1-75BE87CCD8BE}.Release|Any CPU.ActiveCfg = Release|Any CPU
		{E0405B85-F6B1-41AE-83B1-75BE87CCD8BE}.Release|Any CPU.Build.0 = Release|Any CPU
	EndGlobalSection
	GlobalSection(SolutionProperties) = preSolution
		HideSolutionNode = FALSE
	EndGlobalSection
	GlobalSection(ExtensibilityGlobals) = postSolution
		SolutionGuid = {FAE79EFD-0620-4414-9B83-F952C5404127}
	EndGlobalSection
EndGlobal
